{
  "name": "function",
  "version": "1.0.0",
  "lockfileVersion": 3,
  "requires": true,
  "packages": {
    "": {
      "name": "function",
      "version": "1.0.0",
      "dependencies": {
        "function": "file:"
      }
    },
    "node_modules/function": {
      "resolved": "",
      "link": true
    }
  }
}
